Microsoft Visual Studio Solution File, Format Version 12.00
# Visual Studio Version 17
VisualStudioVersion = 17.0.31903.59
MinimumVisualStudioVersion = 10.0.40219.1
Project("{FAE04EC0-301F-11D3-BF4B-00C04F79EFBC}") = "NRS.Workbench.Core", "src\NRS.Workbench.Core\NRS.Workbench.Core.csproj", "{78D70E2F-A1A4-4E20-BEB6-352C712C67D1}"
EndProject
Project("{FAE04EC0-301F-11D3-BF4B-00C04F79EFBC}") = "NRS.Workbench.App", "src\NRS.Workbench.App\NRS.Workbench.App.csproj", "{3CF76A95-A2B0-44AB-A4E3-264DE18EFC84}"
EndProject
Global
    GlobalSection(SolutionConfigurationPlatforms) = preSolution
        Debug|Any CPU = Debug|Any CPU
        Release|Any CPU = Release|Any CPU
    EndGlobalSection
    GlobalSection(ProjectConfigurationPlatforms) = postSolution
        {78D70E2F-A1A4-4E20-BEB6-352C712C67D1}.Debug|Any CPU.ActiveCfg = Debug|Any CPU
        {78D70E2F-A1A4-4E20-BEB6-352C712C67D1}.Debug|Any CPU.Build.0 = Debug|Any CPU
        {78D70E2F-A1A4-4E20-BEB6-352C712C67D1}.Release|Any CPU.ActiveCfg = Release|Any CPU
        {78D70E2F-A1A4-4E20-BEB6-352C712C67D1}.Release|Any CPU.Build.0 = Release|Any CPU
        {3CF76A95-A2B0-44AB-A4E3-264DE18EFC84}.Debug|Any CPU.ActiveCfg = Debug|Any CPU
        {3CF76A95-A2B0-44AB-A4E3-264DE18EFC84}.Debug|Any CPU.Build.0 = Debug|Any CPU
        {3CF76A95-A2B0-44AB-A4E3-264DE18EFC84}.Release|Any CPU.ActiveCfg = Release|Any CPU
        {3CF76A95-A2B0-44AB-A4E3-264DE18EFC84}.Release|Any CPU.Build.0 = Release|Any CPU
    EndGlobalSection
EndGlobal
